
Microsoft Visual Studio Solution File, Format Version 12.00
# Visual Studio Version 16
VisualStudioVersion = 16.0.32802.440
MinimumVisualStudioVersion = 10.0.40219.1
Project("{9A19103F-16F7-4668-BE54-9A1E7A4F7556}") = "Back_end", "Back_end\Back_end.csproj", "{65A0557C-07D7-491A-9C85-2BBB1DEB7AF8}"
EndProject
Project("{2150E333-8FDC-42A3-9474-1A3956D46DE8}") = "Solution Items", "Solution Items", "{CFA7C6BD-960A-4664-9970-60E985B72609}"
	ProjectSection(SolutionItems) = preProject
		.gitignore = .gitignore
	EndProjectSection
EndProject
Project("{FAE04EC0-301F-11D3-BF4B-00C04F79EFBC}") = "Front_end", "Front_end\Front_end.csproj", "{187A994C-BE77-4959-B07E-B3323D8DA280}"
EndProject
Global
	GlobalSection(SolutionConfigurationPlatforms) = preSolution
		Debug|Any CPU = Debug|Any CPU
		Release|Any CPU = Release|Any CPU
	EndGlobalSection
	GlobalSection(ProjectConfigurationPlatforms) = postSolution
		{65A0557C-07D7-491A-9C85-2BBB1DEB7AF8}.Debug|Any CPU.ActiveCfg = Debug|Any CPU
		{65A0557C-07D7-491A-9C85-2BBB1DEB7AF8}.Debug|Any CPU.Build.0 = Debug|Any CPU
		{65A0557C-07D7-491A-9C85-2BBB1DEB7AF8}.Release|Any CPU.ActiveCfg = Release|Any CPU
		{65A0557C-07D7-491A-9C85-2BBB1DEB7AF8}.Release|Any CPU.Build.0 = Release|Any CPU
		{187A994C-BE77-4959-B07E-B3323D8DA280}.Debug|Any CPU.ActiveCfg = Debug|Any CPU
		{187A994C-BE77-4959-B07E-B3323D8DA280}.Debug|Any CPU.Build.0 = Debug|Any CPU
		{187A994C-BE77-4959-B07E-B3323D8DA280}.Release|Any CPU.ActiveCfg = Release|Any CPU
		{187A994C-BE77-4959-B07E-B3323D8DA280}.Release|Any CPU.Build.0 = Release|Any CPU
	EndGlobalSection
	GlobalSection(SolutionProperties) = preSolution
		HideSolutionNode = FALSE
	EndGlobalSection
	GlobalSection(ExtensibilityGlobals) = postSolution
		SolutionGuid = {3064700F-3B84-4528-A387-EA1A614E52AC}
	EndGlobalSection
EndGlobal
